
Microsoft Visual Studio Solution File, Format Version 12.00
# Visual Studio 15
VisualStudioVersion = 15.0.27130.2027
MinimumVisualStudioVersion = 10.0.40219.1
Project("{FAE04EC0-301F-11D3-BF4B-00C04F79EFBC}") = "ComicBookGallery", "ComicBookGallery\ComicBookGallery.csproj", "{2DA2E907-64DF-46C9-B14E-23E5585D8B7F}"
EndProject
Global
	GlobalSection(SolutionConfigurationPlatforms) = preSolution
		Debug|Any CPU = Debug|Any CPU
		Release|Any CPU = Release|Any CPU
	EndGlobalSection
	GlobalSection(ProjectConfigurationPlatforms) = postSolution
		{2DA2E907-64DF-46C9-B14E-23E5585D8B7F}.Debug|Any CPU.ActiveCfg = Debug|Any CPU
		{2DA2E907-64DF-46C9-B14E-23E5585D8B7F}.Debug|Any CPU.Build.0 = Debug|Any CPU
		{2DA2E907-64DF-46C9-B14E-23E5585D8B7F}.Release|Any CPU.ActiveCfg = Release|Any CPU
		{2DA2E907-64DF-46C9-B14E-23E5585D8B7F}.Release|Any CPU.Build.0 = Release|Any CPU
	EndGlobalSection
	GlobalSection(SolutionProperties) = preSolution
		HideSolutionNode = FALSE
	EndGlobalSection
	GlobalSection(ExtensibilityGlobals) = postSolution
		SolutionGuid = {30659C5A-5B82-455E-A7E4-7B90AC4C77E4}
	EndGlobalSection
EndGlobal
